// !$*UTF8*$!
{
	archiveVersion = 1;
	classes = {
	};
	objectVersion = 46;
	objects = {

/* Begin PBXBuildFile section */
		937609661BBCA51C007AC085 /* AppDelegate.swift in Sources */ = {isa = PBXBuildFile; fileRef = 937609651BBCA51C007AC085 /* AppDelegate.swift */; };
		937609681BBCA51C007AC085 /* ViewController.swift in Sources */ = {isa = PBXBuildFile; fileRef = 937609671BBCA51C007AC085 /* ViewController.swift */; };
		9376096B1BBCA51C007AC085 /* Main.storyboard in Resources */ = {isa = PBXBuildFile; fileRef = 937609691BBCA51C007AC085 /* Main.storyboard */; };
		9376096D1BBCA51C007AC085 /* Images.xcassets in Resources */ = {isa = PBXBuildFile; fileRef = 9376096C1BBCA51C007AC085 /* Images.xcassets */; };
		937609701BBCA51C007AC085 /* LaunchScreen.xib in Resources */ = {isa = PBXBuildFile; fileRef = 9376096E1BBCA51C007AC085 /* LaunchScreen.xib */; };
		9376097C1BBCA51C007AC085 /* TwitterClientSampleTests.swift in Sources */ = {isa = PBXBuildFile; fileRef = 9376097B1BBCA51C007AC085 /* TwitterClientSampleTests.swift */; };
		937609861BBDFC0D007AC085 /* Social.framework in Frameworks */ = {isa = PBXBuildFile; fileRef = 937609851BBDFC0D007AC085 /* Social.framework */; };
		937609881BBDFC18007AC085 /* Accounts.framework in Frameworks */ = {isa = PBXBuildFile; fileRef = 937609871BBDFC18007AC085 /* Accounts.framework */; };
/* End PBXBuildFile section */

/* Begin PBXContainerItemProxy section */
		937609761BBCA51C007AC085 /* PBXContainerItemProxy */ = {
			isa = PBXContainerItemProxy;
			containerPortal = 937609581BBCA51C007AC085 /* Project object */;
			proxyType = 1;
			remoteGlobalIDString = 9376095F1BBCA51C007AC085;
			remoteInfo = TwitterClientSample;
		};
/* End PBXContainerItemProxy section */

/* Begin PBXFileReference section */
		937609601BBCA51C007AC085 /* TwitterClientSample.app */ = {isa = PBXFileReference; explicitFileType = wrapper.application; includeInIndex = 0; path = TwitterClientSample.app; sourceTree = BUILT_PRODUCTS_DIR; };
		937609641BBCA51C007AC085 /* Info.plist */ = {isa = PBXFileReference; lastKnownFileType = text.plist.xml; path = Info.plist; sourceTree = "<group>"; };
		937609651BBCA51C007AC085 /* AppDelegate.swift */ = {isa = PBXFileReference; lastKnownFileType = sourcecode.swift; path = AppDelegate.swift; sourceTree = "<group>"; };
		937609671BBCA51C007AC085 /* ViewController.swift */ = {isa = PBXFileReference; lastKnownFileType = sourcecode.swift; path = ViewController.swift; sourceTree = "<group>"; };
		9376096A1BBCA51C007AC085 /* Base */ = {isa = PBXFileReference; lastKnownFileType = file.storyboard; name = Base; path = Base.lproj/Main.storyboard; sourceTree = "<group>"; };
		9376096C1BBCA51C007AC085 /* Images.xcassets */ = {isa = PBXFileReference; lastKnownFileType = folder.assetcatalog; path = Images.xcassets; sourceTree = "<group>"; };
		9376096F1BBCA51C007AC085 /* Base */ = {isa = PBXFileReference; lastKnownFileType = file.xib; name = Base; path = Base.lproj/LaunchScreen.xib; sourceTree = "<group>"; };
		937609751BBCA51C007AC085 /* TwitterClientSampleTests.xctest */ = {isa = PBXFileReference; explicitFileType = wrapper.cfbundle; includeInIndex = 0; path = TwitterClientSampleTests.xctest; sourceTree = BUILT_PRODUCTS_DIR; };
		9376097A1BBCA51C007AC085 /* Info.plist */ = {isa = PBXFileReference; lastKnownFileType = text.plist.xml; path = Info.plist; sourceTree = "<group>"; };
		9376097B1BBCA51C007AC085 /* TwitterClientSampleTests.swift */ = {isa = PBXFileReference; lastKnownFileType = sourcecode.swift; path = TwitterClientSampleTests.swift; sourceTree = "<group>"; };
		937609851BBDFC0D007AC085 /* Social.framework */ = {isa = PBXFileReference; lastKnownFileType = wrapper.framework; name = Social.framework; path = System/Library/Frameworks/Social.framework; sourceTree = SDKROOT; };
		937609871BBDFC18007AC085 /* Accounts.framework */ = {isa = PBXFileReference; lastKnownFileType = wrapper.framework; name = Accounts.framework; path = System/Library/Frameworks/Accounts.framework; sourceTree = SDKROOT; };
/* End PBXFileReference section */

/* Begin PBXFrameworksBuildPhase section */
		9376095D1BBCA51C007AC085 /* Frameworks */ = {
			isa = PBXFrameworksBuildPhase;
			buildActionMask = 2147483647;
			files = (
				937609881BBDFC18007AC085 /* Accounts.framework in Frameworks */,
				937609861BBDFC0D007AC085 /* Social.framework in Frameworks */,
			);
			runOnlyForDeploymentPostprocessing = 0;
		};
		937609721BBCA51C007AC085 /* Frameworks */ = {
			isa = PBXFrameworksBuildPhase;
			buildActionMask = 2147483647;
			files = (
			);
			runOnlyForDeploymentPostprocessing = 0;
		};
/* End PBXFrameworksBuildPhase section */

/* Begin PBXGroup section */
		937609571BBCA51C007AC085 = {
			isa = PBXGroup;
			children = (
				937609871BBDFC18007AC085 /* Accounts.framework */,
				937609851BBDFC0D007AC085 /* Social.framework */,
				937609621BBCA51C007AC085 /* TwitterClientSample */,
				937609781BBCA51C007AC085 /* TwitterClientSampleTests */,
				937609611BBCA51C007AC085 /* Products */,
			);
			sourceTree = "<group>";
		};
		937609611BBCA51C007AC085 /* Products */ = {
			isa = PBXGroup;
			children = (
				937609601BBCA51C007AC085 /* TwitterClientSample.app */,
				937609751BBCA51C007AC085 /* TwitterClientSampleTests.xctest */,
			);
			name = Products;
			sourceTree = "<group>";
		};
		937609621BBCA51C007AC085 /* TwitterClientSample */ = {
			isa = PBXGroup;
			children = (
				937609651BBCA51C007AC085 /* AppDelegate.swift */,
				937609671BBCA51C007AC085 /* ViewController.swift */,
				937609691BBCA51C007AC085 /* Main.storyboard */,
				9376096C1BBCA51C007AC085 /* Images.xcassets */,
				9376096E1BBCA51C007AC085 /* LaunchScreen.xib */,
				937609631BBCA51C007AC085 /* Supporting Files */,
			);
			path = TwitterClientSample;
			sourceTree = "<group>";
		};
		937609631BBCA51C007AC085 /* Supporting Files */ = {
			isa = PBXGroup;
			children = (
				937609641BBCA51C007AC085 /* Info.plist */,
			);
			name = "Supporting Files";
			sourceTree = "<group>";
		};
		937609781BBCA51C007AC085 /* TwitterClientSampleTests */ = {
			isa = PBXGroup;
			children = (
				9376097B1BBCA51C007AC085 /* TwitterClientSampleTests.swift */,
				937609791BBCA51C007AC085 /* Supporting Files */,
			);
			path = TwitterClientSampleTests;
			sourceTree = "<group>";
		};
		937609791BBCA51C007AC085 /* Supporting Files */ = {
			isa = PBXGroup;
			children = (
				9376097A1BBCA51C007AC085 /* Info.plist */,
			);
			name = "Supporting Files";
			sourceTree = "<group>";
		};
/* End PBXGroup section */

/* Begin PBXNativeTarget section */
		9376095F1BBCA51C007AC085 /* TwitterClientSample */ = {
			isa = PBXNativeTarget;
			buildConfigurationList = 9376097F1BBCA51C007AC085 /* Build configuration list for PBXNativeTarget "TwitterClientSample" */;
			buildPhases = (
				9376095C1BBCA51C007AC085 /* Sources */,
				9376095D1BBCA51C007AC085 /* Frameworks */,
				9376095E1BBCA51C007AC085 /* Resources */,
			);
			buildRules = (
			);
			dependencies = (
			);
			name = TwitterClientSample;
			productName = TwitterClientSample;
			productReference = 937609601BBCA51C007AC085 /* TwitterClientSample.app */;
			productType = "com.apple.product-type.application";
		};
		937609741BBCA51C007AC085 /* TwitterClientSampleTests */ = {
			isa = PBXNativeTarget;
			buildConfigurationList = 937609821BBCA51C007AC085 /* Build configuration list for PBXNativeTarget "TwitterClientSampleTests" */;
			buildPhases = (
				937609711BBCA51C007AC085 /* Sources */,
				937609721BBCA51C007AC085 /* Frameworks */,
				937609731BBCA51C007AC085 /* Resources */,
			);
			buildRules = (
			);
			dependencies = (
				937609771BBCA51C007AC085 /* PBXTargetDependency */,
			);
			name = TwitterClientSampleTests;
			productName = TwitterClientSampleTests;
			productReference = 937609751BBCA51C007AC085 /* TwitterClientSampleTests.xctest */;
			productType = "com.apple.product-type.bundle.unit-test";
		};
/* End PBXNativeTarget section */

/* Begin PBXProject section */
		937609581BBCA51C007AC085 /* Project object */ = {
			isa = PBXProject;
			attributes = {
				LastUpgradeCheck = 0640;
				ORGANIZATIONNAME = Tajika;
				TargetAttributes = {
					9376095F1BBCA51C007AC085 = {
						CreatedOnToolsVersion = 6.4;
					};
					937609741BBCA51C007AC085 = {
						CreatedOnToolsVersion = 6.4;
						TestTargetID = 9376095F1BBCA51C007AC085;
					};
				};
			};
			buildConfigurationList = 9376095B1BBCA51C007AC085 /* Build configuration list for PBXProject "TwitterClientSample" */;
			compatibilityVersion = "Xcode 3.2";
			developmentRegion = English;
			hasScannedForEncodings = 0;
			knownRegions = (
				en,
				Base,
			);
			mainGroup = 937609571BBCA51C007AC085;
			productRefGroup = 937609611BBCA51C007AC085 /* Products */;
			projectDirPath = "";
			projectRoot = "";
			targets = (
				9376095F1BBCA51C007AC085 /* TwitterClientSample */,
				937609741BBCA51C007AC085 /* TwitterClientSampleTests */,
			);
		};
/* End PBXProject section */

/* Begin PBXResourcesBuildPhase section */
		9376095E1BBCA51C007AC085 /* Resources */ = {
			isa = PBXResourcesBuildPhase;
			buildActionMask = 2147483647;
			files = (
				9376096B1BBCA51C007AC085 /* Main.storyboard in Resources */,
				937609701BBCA51C007AC085 /* LaunchScreen.xib in Resources */,
				9376096D1BBCA51C007AC085 /* Images.xcassets in Resources */,
			);
			runOnlyForDeploymentPostprocessing = 0;
		};
		937609731BBCA51C007AC085 /* Resources */ = {
			isa = PBXResourcesBuildPhase;
			buildActionMask = 2147483647;
			files = (
			);
			runOnlyForDeploymentPostprocessing = 0;
		};
/* End PBXResourcesBuildPhase section */

/* Begin PBXSourcesBuildPhase section */
		9376095C1BBCA51C007AC085 /* Sources */ = {
			isa = PBXSourcesBuildPhase;
			buildActionMask = 2147483647;
			files = (
				937609681BBCA51C007AC085 /* ViewController.swift in Sources */,
				937609661BBCA51C007AC085 /* AppDelegate.swift in Sources */,
			);
			runOnlyForDeploymentPostprocessing = 0;
		};
		937609711BBCA51C007AC085 /* Sources */ = {
			isa = PBXSourcesBuildPhase;
			buildActionMask = 2147483647;
			files = (
				9376097C1BBCA51C007AC085 /* TwitterClientSampleTests.swift in Sources */,
			);
			runOnlyForDeploymentPostprocessing = 0;
		};
/* End PBXSourcesBuildPhase section */

/* Begin PBXTargetDependency section */
		937609771BBCA51C007AC085 /* PBXTargetDependency */ = {
			isa = PBXTargetDependency;
			target = 9376095F1BBCA51C007AC085 /* TwitterClientSample */;
			targetProxy = 937609761BBCA51C007AC085 /* PBXContainerItemProxy */;
		};
/* End PBXTargetDependency section */

/* Begin PBXVariantGroup section */
		937609691BBCA51C007AC085 /* Main.storyboard */ = {
			isa = PBXVariantGroup;
			children = (
				9376096A1BBCA51C007AC085 /* Base */,
			);
			name = Main.storyboard;
			sourceTree = "<group>";
		};
		9376096E1BBCA51C007AC085 /* LaunchScreen.xib */ = {
			isa = PBXVariantGroup;
			children = (
				9376096F1BBCA51C007AC085 /* Base */,
			);
			name = LaunchScreen.xib;
			sourceTree = "<group>";
		};
/* End PBXVariantGroup section */

/* Begin XCBuildConfiguration section */
		9376097D1BBCA51C007AC085 /* Debug */ = {
			isa = XCBuildConfiguration;
			buildSettings = {
				ALWAYS_SEARCH_USER_PATHS = NO;
				CLANG_CXX_LANGUAGE_STANDARD = "gnu++0x";
				CLANG_CXX_LIBRARY = "libc++";
				CLANG_ENABLE_MODULES = YES;
				CLANG_ENABLE_OBJC_ARC = YES;
				CLANG_WARN_BOOL_CONVERSION = YES;
				CLANG_WARN_CONSTANT_CONVERSION = YES;
				CLANG_WARN_DIRECT_OBJC_ISA_USAGE = YES_ERROR;
				CLANG_WARN_EMPTY_BODY = YES;
				CLANG_WARN_ENUM_CONVERSION = YES;
				CLANG_WARN_INT_CONVERSION = YES;
				CLANG_WARN_OBJC_ROOT_CLASS = YES_ERROR;
				CLANG_WARN_UNREACHABLE_CODE = YES;
				CLANG_WARN__DUPLICATE_METHOD_MATCH = YES;
				"CODE_SIGN_IDENTITY[sdk=iphoneos*]" = "iPhone Developer";
				COPY_PHASE_STRIP = NO;
				DEBUG_INFORMATION_FORMAT = "dwarf-with-dsym";
				ENABLE_STRICT_OBJC_MSGSEND = YES;
				GCC_C_LANGUAGE_STANDARD = gnu99;
				GCC_DYNAMIC_NO_PIC = NO;
				GCC_NO_COMMON_BLOCKS = YES;
				GCC_OPTIMIZATION_LEVEL = 0;
				GCC_PREPROCESSOR_DEFINITIONS = (
					"DEBUG=1",
					"$(inherited)",
				);
				GCC_SYMBOLS_PRIVATE_EXTERN = NO;
				GCC_WARN_64_TO_32_BIT_CONVERSION = YES;
				GCC_WARN_ABOUT_RETURN_TYPE = YES_ERROR;
				GCC_WARN_UNDECLARED_SELECTOR = YES;
				GCC_WARN_UNINITIALIZED_AUTOS = YES_AGGRESSIVE;
				GCC_WARN_UNUSED_FUNCTION = YES;
				GCC_WARN_UNUSED_VARIABLE = YES;
				IPHONEOS_DEPLOYMENT_TARGET = 8.4;
				MTL_ENABLE_DEBUG_INFO = YES;
				ONLY_ACTIVE_ARCH = YES;
				SDKROOT = iphoneos;
				SWIFT_OPTIMIZATION_LEVEL = "-Onone";
			};
			name = Debug;
		};
		9376097E1BBCA51C007AC085 /* Release */ = {
			isa = XCBuildConfiguration;
			buildSettings = {
				ALWAYS_SEARCH_USER_PATHS = NO;
				CLANG_CXX_LANGUAGE_STANDARD = "gnu++0x";
				CLANG_CXX_LIBRARY = "libc++";
				CLANG_ENABLE_MODULES = YES;
				CLANG_ENABLE_OBJC_ARC = YES;
				CLANG_WARN_BOOL_CONVERSION = YES;
				CLANG_WARN_CONSTANT_CONVERSION = YES;
				CLANG_WARN_DIRECT_OBJC_ISA_USAGE = YES_ERROR;
				CLANG_WARN_EMPTY_BODY = YES;
				CLANG_WARN_ENUM_CONVERSION = YES;
				CLANG_WARN_INT_CONVERSION = YES;
				CLANG_WARN_OBJC_ROOT_CLASS = YES_ERROR;
				CLANG_WARN_UNREACHABLE_CODE = YES;
				CLANG_WARN__DUPLICATE_METHOD_MATCH = YES;
				"CODE_SIGN_IDENTITY[sdk=iphoneos*]" = "iPhone Developer";
				COPY_PHASE_STRIP = NO;
				DEBUG_INFORMATION_FORMAT = "dwarf-with-dsym";
				ENABLE_NS_ASSERTIONS = NO;
				ENABLE_STRICT_OBJC_MSGSEND = YES;
				GCC_C_LANGUAGE_STANDARD = gnu99;
				GCC_NO_COMMON_BLOCKS = YES;
				GCC_WARN_64_TO_32_BIT_CONVERSION = YES;
				GCC_WARN_ABOUT_RETURN_TYPE = YES_ERROR;
				GCC_WARN_UNDECLARED_SELECTOR = YES;
				GCC_WARN_UNINITIALIZED_AUTOS = YES_AGGRESSIVE;
				GCC_WARN_UNUSED_FUNCTION = YES;
				GCC_WARN_UNUSED_VARIABLE = YES;
				IPHONEOS_DEPLOYMENT_TARGET = 8.4;
				MTL_ENABLE_DEBUG_INFO = NO;
				SDKROOT = iphoneos;
				VALIDATE_PRODUCT = YES;
			};
			name = Release;
		};
		937609801BBCA51C007AC085 /* Debug */ = {
			isa = XCBuildConfiguration;
			buildSettings = {
				ASSETCATALOG_COMPILER_APPICON_NAME = AppIcon;
				INFOPLIST_FILE = TwitterClientSample/Info.plist;
				LD_RUNPATH_SEARCH_PATHS = "$(inherited) @executable_path/Frameworks";
				PRODUCT_NAME = "$(TARGET_NAME)";
			};
			name = Debug;
		};
		937609811BBCA51C007AC085 /* Release */ = {
			isa = XCBuildConfiguration;
			buildSettings = {
				ASSETCATALOG_COMPILER_APPICON_NAME = AppIcon;
				INFOPLIST_FILE = TwitterClientSample/Info.plist;
				LD_RUNPATH_SEARCH_PATHS = "$(inherited) @executable_path/Frameworks";
				PRODUCT_NAME = "$(TARGET_NAME)";
			};
			name = Release;
		};
		937609831BBCA51C007AC085 /* Debug */ = {
			isa = XCBuildConfiguration;
			buildSettings = {
				BUNDLE_LOADER = "$(TEST_HOST)";
				FRAMEWORK_SEARCH_PATHS = (
					"$(SDKROOT)/Developer/Library/Frameworks",
					"$(inherited)",
				);
				GCC_PREPROCESSOR_DEFINITIONS = (
					"DEBUG=1",
					"$(inherited)",
				);
				INFOPLIST_FILE = TwitterClientSampleTests/Info.plist;
				LD_RUNPATH_SEARCH_PATHS = "$(inherited) @executable_path/Frameworks @loader_path/Frameworks";
				PRODUCT_NAME = "$(TARGET_NAME)";
				TEST_HOST = "$(BUILT_PRODUCTS_DIR)/TwitterClientSample.app/TwitterClientSample";
			};
			name = Debug;
		};
		937609841BBCA51C007AC085 /* Release */ = {
			isa = XCBuildConfiguration;
			buildSettings = {
				BUNDLE_LOADER = "$(TEST_HOST)";
				FRAMEWORK_SEARCH_PATHS = (
					"$(SDKROOT)/Developer/Library/Frameworks",
					"$(inherited)",
				);
				INFOPLIST_FILE = TwitterClientSampleTests/Info.plist;
				LD_RUNPATH_SEARCH_PATHS = "$(inherited) @executable_path/Frameworks @loader_path/Frameworks";
				PRODUCT_NAME = "$(TARGET_NAME)";
				TEST_HOST = "$(BUILT_PRODUCTS_DIR)/TwitterClientSample.app/TwitterClientSample";
			};
			name = Release;
		};
/* End XCBuildConfiguration section */

/* Begin XCConfigurationList section */
		9376095B1BBCA51C007AC085 /* Build configuration list for PBXProject "TwitterClientSample" */ = {
			isa = XCConfigurationList;
			buildConfigurations = (
				9376097D1BBCA51C007AC085 /* Debug */,
				9376097E1BBCA51C007AC085 /* Release */,
			);
			defaultConfigurationIsVisible = 0;
			defaultConfigurationName = Release;
		};
		9376097F1BBCA51C007AC085 /* Build configuration list for PBXNativeTarget "TwitterClientSample" */ = {
			isa = XCConfigurationList;
			buildConfigurations = (
				937609801BBCA51C007AC085 /* Debug */,
				937609811BBCA51C007AC085 /* Release */,
			);
			defaultConfigurationIsVisible = 0;
		};
		937609821BBCA51C007AC085 /* Build configuration list for PBXNativeTarget "TwitterClientSampleTests" */ = {
			isa = XCConfigurationList;
			buildConfigurations = (
				937609831BBCA51C007AC085 /* Debug */,
				937609841BBCA51C007AC085 /* Release */,
			);
			defaultConfigurationIsVisible = 0;
		};
/* End XCConfigurationList section */
	};
	rootObject = 937609581BBCA51C007AC085 /* Project object */;
}
